// !$*UTF8*$!
{
	archiveVersion = 1;
	classes = {
	};
	objectVersion = 46;
	objects = {

/* Begin PBXBuildFile section */
		35001E5D1A8C8F2C00AC53CC /* main.m in Sources */ = {isa = PBXBuildFile; fileRef = 35001E5C1A8C8F2C00AC53CC /* main.m */; };
		35001E601A8C8F2C00AC53CC /* AppDelegate.m in Sources */ = {isa = PBXBuildFile; fileRef = 35001E5F1A8C8F2C00AC53CC /* AppDelegate.m */; };
		35001E631A8C8F2C00AC53CC /* ViewController.m in Sources */ = {isa = PBXBuildFile; fileRef = 35001E621A8C8F2C00AC53CC /* ViewController.m */; };
		35001E661A8C8F2C00AC53CC /* Main.storyboard in Resources */ = {isa = PBXBuildFile; fileRef = 35001E641A8C8F2C00AC53CC /* Main.storyboard */; };
		35001E681A8C8F2C00AC53CC /* Images.xcassets in Resources */ = {isa = PBXBuildFile; fileRef = 35001E671A8C8F2C00AC53CC /* Images.xcassets */; };
		35001E6B1A8C8F2C00AC53CC /* LaunchScreen.xib in Resources */ = {isa = PBXBuildFile; fileRef = 35001E691A8C8F2C00AC53CC /* LaunchScreen.xib */; };
		35001E771A8C8F2C00AC53CC /* ACMHealthKitDemoTests.m in Sources */ = {isa = PBXBuildFile; fileRef = 35001E761A8C8F2C00AC53CC /* ACMHealthKitDemoTests.m */; };
		35001E8D1A8C8F4C00AC53CC /* AccHealthDataCollector.m in Sources */ = {isa = PBXBuildFile; fileRef = 35001E821A8C8F4C00AC53CC /* AccHealthDataCollector.m */; };
		35001E8E1A8C8F4C00AC53CC /* AccHealthDataOuter.m in Sources */ = {isa = PBXBuildFile; fileRef = 35001E841A8C8F4C00AC53CC /* AccHealthDataOuter.m */; };
		35001E8F1A8C8F4C00AC53CC /* AccHealthDataRegister.m in Sources */ = {isa = PBXBuildFile; fileRef = 35001E861A8C8F4C00AC53CC /* AccHealthDataRegister.m */; };
		35001E901A8C8F4C00AC53CC /* HealthDataWithUnit.m in Sources */ = {isa = PBXBuildFile; fileRef = 35001E881A8C8F4C00AC53CC /* HealthDataWithUnit.m */; };
		35001E911A8C8F4C00AC53CC /* HKHealthStore+SampleType.m in Sources */ = {isa = PBXBuildFile; fileRef = 35001E8A1A8C8F4C00AC53CC /* HKHealthStore+SampleType.m */; };
		35001E921A8C8F4C00AC53CC /* NSSet+HealthKitPermission.m in Sources */ = {isa = PBXBuildFile; fileRef = 35001E8C1A8C8F4C00AC53CC /* NSSet+HealthKitPermission.m */; };
		35001E951A8C911700AC53CC /* HealthKit.framework in Frameworks */ = {isa = PBXBuildFile; fileRef = 35001E941A8C911700AC53CC /* HealthKit.framework */; };
/* End PBXBuildFile section */

/* Begin PBXContainerItemProxy section */
		35001E711A8C8F2C00AC53CC /* PBXContainerItemProxy */ = {
			isa = PBXContainerItemProxy;
			containerPortal = 35001E4F1A8C8F2C00AC53CC /* Project object */;
			proxyType = 1;
			remoteGlobalIDString = 35001E561A8C8F2C00AC53CC;
			remoteInfo = ACMHealthKitDemo;
		};
/* End PBXContainerItemProxy section */

/* Begin PBXFileReference section */
		35001E571A8C8F2C00AC53CC /* ACMHealthKitDemo.app */ = {isa = PBXFileReference; explicitFileType = wrapper.application; includeInIndex = 0; path = ACMHealthKitDemo.app; sourceTree = BUILT_PRODUCTS_DIR; };
		35001E5B1A8C8F2C00AC53CC /* Info.plist */ = {isa = PBXFileReference; lastKnownFileType = text.plist.xml; path = Info.plist; sourceTree = "<group>"; };
		35001E5C1A8C8F2C00AC53CC /* main.m */ = {isa = PBXFileReference; lastKnownFileType = sourcecode.c.objc; path = main.m; sourceTree = "<group>"; };
		35001E5E1A8C8F2C00AC53CC /* AppDelegate.h */ = {isa = PBXFileReference; lastKnownFileType = sourcecode.c.h; path = AppDelegate.h; sourceTree = "<group>"; };
		35001E5F1A8C8F2C00AC53CC /* AppDelegate.m */ = {isa = PBXFileReference; lastKnownFileType = sourcecode.c.objc; path = AppDelegate.m; sourceTree = "<group>"; };
		35001E611A8C8F2C00AC53CC /* ViewController.h */ = {isa = PBXFileReference; lastKnownFileType = sourcecode.c.h; path = ViewController.h; sourceTree = "<group>"; };
		35001E621A8C8F2C00AC53CC /* ViewController.m */ = {isa = PBXFileReference; lastKnownFileType = sourcecode.c.objc; path = ViewController.m; sourceTree = "<group>"; };
		35001E651A8C8F2C00AC53CC /* Base */ = {isa = PBXFileReference; lastKnownFileType = file.storyboard; name = Base; path = Base.lproj/Main.storyboard; sourceTree = "<group>"; };
		35001E671A8C8F2C00AC53CC /* Images.xcassets */ = {isa = PBXFileReference; lastKnownFileType = folder.assetcatalog; path = Images.xcassets; sourceTree = "<group>"; };
		35001E6A1A8C8F2C00AC53CC /* Base */ = {isa = PBXFileReference; lastKnownFileType = file.xib; name = Base; path = Base.lproj/LaunchScreen.xib; sourceTree = "<group>"; };
		35001E701A8C8F2C00AC53CC /* ACMHealthKitDemoTests.xctest */ = {isa = PBXFileReference; explicitFileType = wrapper.cfbundle; includeInIndex = 0; path = ACMHealthKitDemoTests.xctest; sourceTree = BUILT_PRODUCTS_DIR; };
		35001E751A8C8F2C00AC53CC /* Info.plist */ = {isa = PBXFileReference; lastKnownFileType = text.plist.xml; path = Info.plist; sourceTree = "<group>"; };
		35001E761A8C8F2C00AC53CC /* ACMHealthKitDemoTests.m */ = {isa = PBXFileReference; lastKnownFileType = sourcecode.c.objc; path = ACMHealthKitDemoTests.m; sourceTree = "<group>"; };
		35001E811A8C8F4C00AC53CC /* AccHealthDataCollector.h */ = {isa = PBXFileReference; fileEncoding = 4; lastKnownFileType = sourcecode.c.h; path = AccHealthDataCollector.h; sourceTree = "<group>"; };
		35001E821A8C8F4C00AC53CC /* AccHealthDataCollector.m */ = {isa = PBXFileReference; fileEncoding = 4; lastKnownFileType = sourcecode.c.objc; path = AccHealthDataCollector.m; sourceTree = "<group>"; };
		35001E831A8C8F4C00AC53CC /* AccHealthDataOuter.h */ = {isa = PBXFileReference; fileEncoding = 4; lastKnownFileType = sourcecode.c.h; path = AccHealthDataOuter.h; sourceTree = "<group>"; };
		35001E841A8C8F4C00AC53CC /* AccHealthDataOuter.m */ = {isa = PBXFileReference; fileEncoding = 4; lastKnownFileType = sourcecode.c.objc; path = AccHealthDataOuter.m; sourceTree = "<group>"; };
		35001E851A8C8F4C00AC53CC /* AccHealthDataRegister.h */ = {isa = PBXFileReference; fileEncoding = 4; lastKnownFileType = sourcecode.c.h; path = AccHealthDataRegister.h; sourceTree = "<group>"; };
		35001E861A8C8F4C00AC53CC /* AccHealthDataRegister.m */ = {isa = PBXFileReference; fileEncoding = 4; lastKnownFileType = sourcecode.c.objc; path = AccHealthDataRegister.m; sourceTree = "<group>"; };
		35001E871A8C8F4C00AC53CC /* HealthDataWithUnit.h */ = {isa = PBXFileReference; fileEncoding = 4; lastKnownFileType = sourcecode.c.h; path = HealthDataWithUnit.h; sourceTree = "<group>"; };
		35001E881A8C8F4C00AC53CC /* HealthDataWithUnit.m */ = {isa = PBXFileReference; fileEncoding = 4; lastKnownFileType = sourcecode.c.objc; path = HealthDataWithUnit.m; sourceTree = "<group>"; };
		35001E891A8C8F4C00AC53CC /* HKHealthStore+SampleType.h */ = {isa = PBXFileReference; fileEncoding = 4; lastKnownFileType = sourcecode.c.h; path = "HKHealthStore+SampleType.h"; sourceTree = "<group>"; };
		35001E8A1A8C8F4C00AC53CC /* HKHealthStore+SampleType.m */ = {isa = PBXFileReference; fileEncoding = 4; lastKnownFileType = sourcecode.c.objc; path = "HKHealthStore+SampleType.m"; sourceTree = "<group>"; };
		35001E8B1A8C8F4C00AC53CC /* NSSet+HealthKitPermission.h */ = {isa = PBXFileReference; fileEncoding = 4; lastKnownFileType = sourcecode.c.h; path = "NSSet+HealthKitPermission.h"; sourceTree = "<group>"; };
		35001E8C1A8C8F4C00AC53CC /* NSSet+HealthKitPermission.m */ = {isa = PBXFileReference; fileEncoding = 4; lastKnownFileType = sourcecode.c.objc; path = "NSSet+HealthKitPermission.m"; sourceTree = "<group>"; };
		35001E931A8C911700AC53CC /* ACMHealthKitDemo.entitlements */ = {isa = PBXFileReference; lastKnownFileType = text.xml; path = ACMHealthKitDemo.entitlements; sourceTree = "<group>"; };
		35001E941A8C911700AC53CC /* HealthKit.framework */ = {isa = PBXFileReference; lastKnownFileType = wrapper.framework; name = HealthKit.framework; path = System/Library/Frameworks/HealthKit.framework; sourceTree = SDKROOT; };
/* End PBXFileReference section */

/* Begin PBXFrameworksBuildPhase section */
		35001E541A8C8F2C00AC53CC /* Frameworks */ = {
			isa = PBXFrameworksBuildPhase;
			buildActionMask = 2147483647;
			files = (
				35001E951A8C911700AC53CC /* HealthKit.framework in Frameworks */,
			);
			runOnlyForDeploymentPostprocessing = 0;
		};
		35001E6D1A8C8F2C00AC53CC /* Frameworks */ = {
			isa = PBXFrameworksBuildPhase;
			buildActionMask = 2147483647;
			files = (
			);
			runOnlyForDeploymentPostprocessing = 0;
		};
/* End PBXFrameworksBuildPhase section */

/* Begin PBXGroup section */
		35001E4E1A8C8F2C00AC53CC = {
			isa = PBXGroup;
			children = (
				35001E801A8C8F4C00AC53CC /* Health */,
				35001E591A8C8F2C00AC53CC /* ACMHealthKitDemo */,
				35001E731A8C8F2C00AC53CC /* ACMHealthKitDemoTests */,
				35001E581A8C8F2C00AC53CC /* Products */,
			);
			sourceTree = "<group>";
		};
		35001E581A8C8F2C00AC53CC /* Products */ = {
			isa = PBXGroup;
			children = (
				35001E571A8C8F2C00AC53CC /* ACMHealthKitDemo.app */,
				35001E701A8C8F2C00AC53CC /* ACMHealthKitDemoTests.xctest */,
			);
			name = Products;
			sourceTree = "<group>";
		};
		35001E591A8C8F2C00AC53CC /* ACMHealthKitDemo */ = {
			isa = PBXGroup;
			children = (
				35001E941A8C911700AC53CC /* HealthKit.framework */,
				35001E931A8C911700AC53CC /* ACMHealthKitDemo.entitlements */,
				35001E5E1A8C8F2C00AC53CC /* AppDelegate.h */,
				35001E5F1A8C8F2C00AC53CC /* AppDelegate.m */,
				35001E611A8C8F2C00AC53CC /* ViewController.h */,
				35001E621A8C8F2C00AC53CC /* ViewController.m */,
				35001E641A8C8F2C00AC53CC /* Main.storyboard */,
				35001E671A8C8F2C00AC53CC /* Images.xcassets */,
				35001E691A8C8F2C00AC53CC /* LaunchScreen.xib */,
				35001E5A1A8C8F2C00AC53CC /* Supporting Files */,
			);
			path = ACMHealthKitDemo;
			sourceTree = "<group>";
		};
		35001E5A1A8C8F2C00AC53CC /* Supporting Files */ = {
			isa = PBXGroup;
			children = (
				35001E5B1A8C8F2C00AC53CC /* Info.plist */,
				35001E5C1A8C8F2C00AC53CC /* main.m */,
			);
			name = "Supporting Files";
			sourceTree = "<group>";
		};
		35001E731A8C8F2C00AC53CC /* ACMHealthKitDemoTests */ = {
			isa = PBXGroup;
			children = (
				35001E761A8C8F2C00AC53CC /* ACMHealthKitDemoTests.m */,
				35001E741A8C8F2C00AC53CC /* Supporting Files */,
			);
			path = ACMHealthKitDemoTests;
			sourceTree = "<group>";
		};
		35001E741A8C8F2C00AC53CC /* Supporting Files */ = {
			isa = PBXGroup;
			children = (
				35001E751A8C8F2C00AC53CC /* Info.plist */,
			);
			name = "Supporting Files";
			sourceTree = "<group>";
		};
		35001E801A8C8F4C00AC53CC /* Health */ = {
			isa = PBXGroup;
			children = (
				35001E811A8C8F4C00AC53CC /* AccHealthDataCollector.h */,
				35001E821A8C8F4C00AC53CC /* AccHealthDataCollector.m */,
				35001E831A8C8F4C00AC53CC /* AccHealthDataOuter.h */,
				35001E841A8C8F4C00AC53CC /* AccHealthDataOuter.m */,
				35001E851A8C8F4C00AC53CC /* AccHealthDataRegister.h */,
				35001E861A8C8F4C00AC53CC /* AccHealthDataRegister.m */,
				35001E871A8C8F4C00AC53CC /* HealthDataWithUnit.h */,
				35001E881A8C8F4C00AC53CC /* HealthDataWithUnit.m */,
				35001E891A8C8F4C00AC53CC /* HKHealthStore+SampleType.h */,
				35001E8A1A8C8F4C00AC53CC /* HKHealthStore+SampleType.m */,
				35001E8B1A8C8F4C00AC53CC /* NSSet+HealthKitPermission.h */,
				35001E8C1A8C8F4C00AC53CC /* NSSet+HealthKitPermission.m */,
			);
			path = Health;
			sourceTree = "<group>";
		};
/* End PBXGroup section */

/* Begin PBXNativeTarget section */
		35001E561A8C8F2C00AC53CC /* ACMHealthKitDemo */ = {
			isa = PBXNativeTarget;
			buildConfigurationList = 35001E7A1A8C8F2C00AC53CC /* Build configuration list for PBXNativeTarget "ACMHealthKitDemo" */;
			buildPhases = (
				35001E531A8C8F2C00AC53CC /* Sources */,
				35001E541A8C8F2C00AC53CC /* Frameworks */,
				35001E551A8C8F2C00AC53CC /* Resources */,
			);
			buildRules = (
			);
			dependencies = (
			);
			name = ACMHealthKitDemo;
			productName = ACMHealthKitDemo;
			productReference = 35001E571A8C8F2C00AC53CC /* ACMHealthKitDemo.app */;
			productType = "com.apple.product-type.application";
		};
		35001E6F1A8C8F2C00AC53CC /* ACMHealthKitDemoTests */ = {
			isa = PBXNativeTarget;
			buildConfigurationList = 35001E7D1A8C8F2C00AC53CC /* Build configuration list for PBXNativeTarget "ACMHealthKitDemoTests" */;
			buildPhases = (
				35001E6C1A8C8F2C00AC53CC /* Sources */,
				35001E6D1A8C8F2C00AC53CC /* Frameworks */,
				35001E6E1A8C8F2C00AC53CC /* Resources */,
			);
			buildRules = (
			);
			dependencies = (
				35001E721A8C8F2C00AC53CC /* PBXTargetDependency */,
			);
			name = ACMHealthKitDemoTests;
			productName = ACMHealthKitDemoTests;
			productReference = 35001E701A8C8F2C00AC53CC /* ACMHealthKitDemoTests.xctest */;
			productType = "com.apple.product-type.bundle.unit-test";
		};
/* End PBXNativeTarget section */

/* Begin PBXProject section */
		35001E4F1A8C8F2C00AC53CC /* Project object */ = {
			isa = PBXProject;
			attributes = {
				LastUpgradeCheck = 0610;
				ORGANIZATIONNAME = RenChao;
				TargetAttributes = {
					35001E561A8C8F2C00AC53CC = {
						CreatedOnToolsVersion = 6.1.1;
						DevelopmentTeam = 3NV46C4W8T;
						SystemCapabilities = {
							com.apple.HealthKit = {
								enabled = 1;
							};
						};
					};
					35001E6F1A8C8F2C00AC53CC = {
						CreatedOnToolsVersion = 6.1.1;
						TestTargetID = 35001E561A8C8F2C00AC53CC;
					};
				};
			};
			buildConfigurationList = 35001E521A8C8F2C00AC53CC /* Build configuration list for PBXProject "ACMHealthKitDemo" */;
			compatibilityVersion = "Xcode 3.2";
			developmentRegion = English;
			hasScannedForEncodings = 0;
			knownRegions = (
				en,
				Base,
			);
			mainGroup = 35001E4E1A8C8F2C00AC53CC;
			productRefGroup = 35001E581A8C8F2C00AC53CC /* Products */;
			projectDirPath = "";
			projectRoot = "";
			targets = (
				35001E561A8C8F2C00AC53CC /* ACMHealthKitDemo */,
				35001E6F1A8C8F2C00AC53CC /* ACMHealthKitDemoTests */,
			);
		};
/* End PBXProject section */

/* Begin PBXResourcesBuildPhase section */
		35001E551A8C8F2C00AC53CC /* Resources */ = {
			isa = PBXResourcesBuildPhase;
			buildActionMask = 2147483647;
			files = (
				35001E661A8C8F2C00AC53CC /* Main.storyboard in Resources */,
				35001E6B1A8C8F2C00AC53CC /* LaunchScreen.xib in Resources */,
				35001E681A8C8F2C00AC53CC /* Images.xcassets in Resources */,
			);
			runOnlyForDeploymentPostprocessing = 0;
		};
		35001E6E1A8C8F2C00AC53CC /* Resources */ = {
			isa = PBXResourcesBuildPhase;
			buildActionMask = 2147483647;
			files = (
			);
			runOnlyForDeploymentPostprocessing = 0;
		};
/* End PBXResourcesBuildPhase section */

/* Begin PBXSourcesBuildPhase section */
		35001E531A8C8F2C00AC53CC /* Sources */ = {
			isa = PBXSourcesBuildPhase;
			buildActionMask = 2147483647;
			files = (
				35001E631A8C8F2C00AC53CC /* ViewController.m in Sources */,
				35001E8D1A8C8F4C00AC53CC /* AccHealthDataCollector.m in Sources */,
				35001E911A8C8F4C00AC53CC /* HKHealthStore+SampleType.m in Sources */,
				35001E921A8C8F4C00AC53CC /* NSSet+HealthKitPermission.m in Sources */,
				35001E8E1A8C8F4C00AC53CC /* AccHealthDataOuter.m in Sources */,
				35001E601A8C8F2C00AC53CC /* AppDelegate.m in Sources */,
				35001E8F1A8C8F4C00AC53CC /* AccHealthDataRegister.m in Sources */,
				35001E901A8C8F4C00AC53CC /* HealthDataWithUnit.m in Sources */,
				35001E5D1A8C8F2C00AC53CC /* main.m in Sources */,
			);
			runOnlyForDeploymentPostprocessing = 0;
		};
		35001E6C1A8C8F2C00AC53CC /* Sources */ = {
			isa = PBXSourcesBuildPhase;
			buildActionMask = 2147483647;
			files = (
				35001E771A8C8F2C00AC53CC /* ACMHealthKitDemoTests.m in Sources */,
			);
			runOnlyForDeploymentPostprocessing = 0;
		};
/* End PBXSourcesBuildPhase section */

/* Begin PBXTargetDependency section */
		35001E721A8C8F2C00AC53CC /* PBXTargetDependency */ = {
			isa = PBXTargetDependency;
			target = 35001E561A8C8F2C00AC53CC /* ACMHealthKitDemo */;
			targetProxy = 35001E711A8C8F2C00AC53CC /* PBXContainerItemProxy */;
		};
/* End PBXTargetDependency section */

/* Begin PBXVariantGroup section */
		35001E641A8C8F2C00AC53CC /* Main.storyboard */ = {
			isa = PBXVariantGroup;
			children = (
				35001E651A8C8F2C00AC53CC /* Base */,
			);
			name = Main.storyboard;
			sourceTree = "<group>";
		};
		35001E691A8C8F2C00AC53CC /* LaunchScreen.xib */ = {
			isa = PBXVariantGroup;
			children = (
				35001E6A1A8C8F2C00AC53CC /* Base */,
			);
			name = LaunchScreen.xib;
			sourceTree = "<group>";
		};
/* End PBXVariantGroup section */

/* Begin XCBuildConfiguration section */
		35001E781A8C8F2C00AC53CC /* Debug */ = {
			isa = XCBuildConfiguration;
			buildSettings = {
				ALWAYS_SEARCH_USER_PATHS = NO;
				CLANG_CXX_LANGUAGE_STANDARD = "gnu++0x";
				CLANG_CXX_LIBRARY = "libc++";
				CLANG_ENABLE_MODULES = YES;
				CLANG_ENABLE_OBJC_ARC = YES;
				CLANG_WARN_BOOL_CONVERSION = YES;
				CLANG_WARN_CONSTANT_CONVERSION = YES;
				CLANG_WARN_DIRECT_OBJC_ISA_USAGE = YES_ERROR;
				CLANG_WARN_EMPTY_BODY = YES;
				CLANG_WARN_ENUM_CONVERSION = YES;
				CLANG_WARN_INT_CONVERSION = YES;
				CLANG_WARN_OBJC_ROOT_CLASS = YES_ERROR;
				CLANG_WARN_UNREACHABLE_CODE = YES;
				CLANG_WARN__DUPLICATE_METHOD_MATCH = YES;
				"CODE_SIGN_IDENTITY[sdk=iphoneos*]" = "iPhone Developer";
				COPY_PHASE_STRIP = NO;
				ENABLE_STRICT_OBJC_MSGSEND = YES;
				GCC_C_LANGUAGE_STANDARD = gnu99;
				GCC_DYNAMIC_NO_PIC = NO;
				GCC_OPTIMIZATION_LEVEL = 0;
				GCC_PREPROCESSOR_DEFINITIONS = (
					"DEBUG=1",
					"$(inherited)",
				);
				GCC_SYMBOLS_PRIVATE_EXTERN = NO;
				GCC_WARN_64_TO_32_BIT_CONVERSION = YES;
				GCC_WARN_ABOUT_RETURN_TYPE = YES_ERROR;
				GCC_WARN_UNDECLARED_SELECTOR = YES;
				GCC_WARN_UNINITIALIZED_AUTOS = YES_AGGRESSIVE;
				GCC_WARN_UNUSED_FUNCTION = YES;
				GCC_WARN_UNUSED_VARIABLE = YES;
				IPHONEOS_DEPLOYMENT_TARGET = 8.1;
				MTL_ENABLE_DEBUG_INFO = YES;
				ONLY_ACTIVE_ARCH = YES;
				SDKROOT = iphoneos;
			};
			name = Debug;
		};
		35001E791A8C8F2C00AC53CC /* Release */ = {
			isa = XCBuildConfiguration;
			buildSettings = {
				ALWAYS_SEARCH_USER_PATHS = NO;
				CLANG_CXX_LANGUAGE_STANDARD = "gnu++0x";
				CLANG_CXX_LIBRARY = "libc++";
				CLANG_ENABLE_MODULES = YES;
				CLANG_ENABLE_OBJC_ARC = YES;
				CLANG_WARN_BOOL_CONVERSION = YES;
				CLANG_WARN_CONSTANT_CONVERSION = YES;
				CLANG_WARN_DIRECT_OBJC_ISA_USAGE = YES_ERROR;
				CLANG_WARN_EMPTY_BODY = YES;
				CLANG_WARN_ENUM_CONVERSION = YES;
				CLANG_WARN_INT_CONVERSION = YES;
				CLANG_WARN_OBJC_ROOT_CLASS = YES_ERROR;
				CLANG_WARN_UNREACHABLE_CODE = YES;
				CLANG_WARN__DUPLICATE_METHOD_MATCH = YES;
				"CODE_SIGN_IDENTITY[sdk=iphoneos*]" = "iPhone Developer";
				COPY_PHASE_STRIP = YES;
				ENABLE_NS_ASSERTIONS = NO;
				ENABLE_STRICT_OBJC_MSGSEND = YES;
				GCC_C_LANGUAGE_STANDARD = gnu99;
				GCC_WARN_64_TO_32_BIT_CONVERSION = YES;
				GCC_WARN_ABOUT_RETURN_TYPE = YES_ERROR;
				GCC_WARN_UNDECLARED_SELECTOR = YES;
				GCC_WARN_UNINITIALIZED_AUTOS = YES_AGGRESSIVE;
				GCC_WARN_UNUSED_FUNCTION = YES;
				GCC_WARN_UNUSED_VARIABLE = YES;
				IPHONEOS_DEPLOYMENT_TARGET = 8.1;
				MTL_ENABLE_DEBUG_INFO = NO;
				SDKROOT = iphoneos;
				VALIDATE_PRODUCT = YES;
			};
			name = Release;
		};
		35001E7B1A8C8F2C00AC53CC /* Debug */ = {
			isa = XCBuildConfiguration;
			buildSettings = {
				ASSETCATALOG_COMPILER_APPICON_NAME = AppIcon;
				CODE_SIGN_ENTITLEMENTS = ACMHealthKitDemo/ACMHealthKitDemo.entitlements;
				CODE_SIGN_IDENTITY = "iPhone Developer";
				"CODE_SIGN_IDENTITY[sdk=iphoneos*]" = "iPhone Developer";
				INFOPLIST_FILE = ACMHealthKitDemo/Info.plist;
				LD_RUNPATH_SEARCH_PATHS = "$(inherited) @executable_path/Frameworks";
				PRODUCT_NAME = "$(TARGET_NAME)";
				PROVISIONING_PROFILE = "";
			};
			name = Debug;
		};
		35001E7C1A8C8F2C00AC53CC /* Release */ = {
			isa = XCBuildConfiguration;
			buildSettings = {
				ASSETCATALOG_COMPILER_APPICON_NAME = AppIcon;
				CODE_SIGN_ENTITLEMENTS = ACMHealthKitDemo/ACMHealthKitDemo.entitlements;
				CODE_SIGN_IDENTITY = "iPhone Developer";
				"CODE_SIGN_IDENTITY[sdk=iphoneos*]" = "iPhone Developer";
				INFOPLIST_FILE = ACMHealthKitDemo/Info.plist;
				LD_RUNPATH_SEARCH_PATHS = "$(inherited) @executable_path/Frameworks";
				PRODUCT_NAME = "$(TARGET_NAME)";
				PROVISIONING_PROFILE = "";
			};
			name = Release;
		};
		35001E7E1A8C8F2C00AC53CC /* Debug */ = {
			isa = XCBuildConfiguration;
			buildSettings = {
				BUNDLE_LOADER = "$(TEST_HOST)";
				FRAMEWORK_SEARCH_PATHS = (
					"$(SDKROOT)/Developer/Library/Frameworks",
					"$(inherited)",
				);
				GCC_PREPROCESSOR_DEFINITIONS = (
					"DEBUG=1",
					"$(inherited)",
				);
				INFOPLIST_FILE = ACMHealthKitDemoTests/Info.plist;
				LD_RUNPATH_SEARCH_PATHS = "$(inherited) @executable_path/Frameworks @loader_path/Frameworks";
				PRODUCT_NAME = "$(TARGET_NAME)";
				TEST_HOST = "$(BUILT_PRODUCTS_DIR)/ACMHealthKitDemo.app/ACMHealthKitDemo";
			};
			name = Debug;
		};
		35001E7F1A8C8F2C00AC53CC /* Release */ = {
			isa = XCBuildConfiguration;
			buildSettings = {
				BUNDLE_LOADER = "$(TEST_HOST)";
				FRAMEWORK_SEARCH_PATHS = (
					"$(SDKROOT)/Developer/Library/Frameworks",
					"$(inherited)",
				);
				INFOPLIST_FILE = ACMHealthKitDemoTests/Info.plist;
				LD_RUNPATH_SEARCH_PATHS = "$(inherited) @executable_path/Frameworks @loader_path/Frameworks";
				PRODUCT_NAME = "$(TARGET_NAME)";
				TEST_HOST = "$(BUILT_PRODUCTS_DIR)/ACMHealthKitDemo.app/ACMHealthKitDemo";
			};
			name = Release;
		};
/* End XCBuildConfiguration section */

/* Begin XCConfigurationList section */
		35001E521A8C8F2C00AC53CC /* Build configuration list for PBXProject "ACMHealthKitDemo" */ = {
			isa = XCConfigurationList;
			buildConfigurations = (
				35001E781A8C8F2C00AC53CC /* Debug */,
				35001E791A8C8F2C00AC53CC /* Release */,
			);
			defaultConfigurationIsVisible = 0;
			defaultConfigurationName = Release;
		};
		35001E7A1A8C8F2C00AC53CC /* Build configuration list for PBXNativeTarget "ACMHealthKitDemo" */ = {
			isa = XCConfigurationList;
			buildConfigurations = (
				35001E7B1A8C8F2C00AC53CC /* Debug */,
				35001E7C1A8C8F2C00AC53CC /* Release */,
			);
			defaultConfigurationIsVisible = 0;
		};
		35001E7D1A8C8F2C00AC53CC /* Build configuration list for PBXNativeTarget "ACMHealthKitDemoTests" */ = {
			isa = XCConfigurationList;
			buildConfigurations = (
				35001E7E1A8C8F2C00AC53CC /* Debug */,
				35001E7F1A8C8F2C00AC53CC /* Release */,
			);
			defaultConfigurationIsVisible = 0;
		};
/* End XCConfigurationList section */
	};
	rootObject = 35001E4F1A8C8F2C00AC53CC /* Project object */;
}
